
Microsoft Visual Studio Solution File, Format Version 12.00
Project("{FAE04EC0-301F-11D3-BF4B-00C04F79EFBC}") = "library-management", "library-management\library-management.csproj", "{B5045DA8-5CEC-45C3-9C7A-4F5225E8D8EE}"
EndProject
Global
	GlobalSection(SolutionConfigurationPlatforms) = preSolution
		Debug|Any CPU = Debug|Any CPU
		Release|Any CPU = Release|Any CPU
	EndGlobalSection
	GlobalSection(ProjectConfigurationPlatforms) = postSolution
		{B5045DA8-5CEC-45C3-9C7A-4F5225E8D8EE}.Debug|Any CPU.ActiveCfg = Debug|Any CPU
		{B5045DA8-5CEC-45C3-9C7A-4F5225E8D8EE}.Debug|Any CPU.Build.0 = Debug|Any CPU
		{B5045DA8-5CEC-45C3-9C7A-4F5225E8D8EE}.Release|Any CPU.ActiveCfg = Release|Any CPU
		{B5045DA8-5CEC-45C3-9C7A-4F5225E8D8EE}.Release|Any CPU.Build.0 = Release|Any CPU
	EndGlobalSection
EndGlobal
